
Microsoft Visual Studio Solution File, Format Version 12.00
# Visual Studio Version 16
VisualStudioVersion = 16.0.33529.622
MinimumVisualStudioVersion = 10.0.40219.1
Project("{8BC9CEB8-8B4A-11D0-8D11-00A0C91BC942}") = "fib", "fib.vcxproj", "{0712033B-5934-4F47-8250-25646DE7FB53}"
EndProject
Global
	GlobalSection(SolutionConfigurationPlatforms) = preSolution
		Debug|x64 = Debug|x64
		Debug|x86 = Debug|x86
		Release|x64 = Release|x64
		Release|x86 = Release|x86
	EndGlobalSection
	GlobalSection(ProjectConfigurationPlatforms) = postSolution
		{0712033B-5934-4F47-8250-25646DE7FB53}.Debug|x64.ActiveCfg = Debug|x64
		{0712033B-5934-4F47-8250-25646DE7FB53}.Debug|x64.Build.0 = Debug|x64
		{0712033B-5934-4F47-8250-25646DE7FB53}.Debug|x86.ActiveCfg = Debug|Win32
		{0712033B-5934-4F47-8250-25646DE7FB53}.Debug|x86.Build.0 = Debug|Win32
		{0712033B-5934-4F47-8250-25646DE7FB53}.Release|x64.ActiveCfg = Release|x64
		{0712033B-5934-4F47-8250-25646DE7FB53}.Release|x64.Build.0 = Release|x64
		{0712033B-5934-4F47-8250-25646DE7FB53}.Release|x86.ActiveCfg = Release|Win32
		{0712033B-5934-4F47-8250-25646DE7FB53}.Release|x86.Build.0 = Release|Win32
	EndGlobalSection
	GlobalSection(SolutionProperties) = preSolution
		HideSolutionNode = FALSE
	EndGlobalSection
	GlobalSection(ExtensibilityGlobals) = postSolution
		SolutionGuid = {662B59F5-E384-4E8B-B57B-86C22811600B}
	EndGlobalSection
EndGlobal
